
Microsoft Visual Studio Solution File, Format Version 12.00
# Visual Studio Version 16
VisualStudioVersion = 16.0.31702.278
MinimumVisualStudioVersion = 10.0.40219.1
Project("{FAE04EC0-301F-11D3-BF4B-00C04F79EFBC}") = "Blog MVC Application", "Blog MVC Application\Blog MVC Application.csproj", "{862903E2-4836-4389-BD20-0B227B0378D7}"
EndProject
Global
	GlobalSection(SolutionConfigurationPlatforms) = preSolution
		Debug|Any CPU = Debug|Any CPU
		Release|Any CPU = Release|Any CPU
	EndGlobalSection
	GlobalSection(ProjectConfigurationPlatforms) = postSolution
		{862903E2-4836-4389-BD20-0B227B0378D7}.Debug|Any CPU.ActiveCfg = Debug|Any CPU
		{862903E2-4836-4389-BD20-0B227B0378D7}.Debug|Any CPU.Build.0 = Debug|Any CPU
		{862903E2-4836-4389-BD20-0B227B0378D7}.Release|Any CPU.ActiveCfg = Release|Any CPU
		{862903E2-4836-4389-BD20-0B227B0378D7}.Release|Any CPU.Build.0 = Release|Any CPU
	EndGlobalSection
	GlobalSection(SolutionProperties) = preSolution
		HideSolutionNode = FALSE
	EndGlobalSection
	GlobalSection(ExtensibilityGlobals) = postSolution
		SolutionGuid = {AC217BE0-6549-4E94-B54E-213C2DDB00E5}
	EndGlobalSection
EndGlobal
